// !$*UTF8*$!
{
	archiveVersion = 1;
	classes = {
	};
	objectVersion = 50;
	objects = {

/* Begin PBXBuildFile section */
		DE29FCA624346F230065D2A7 /* AppDelegate.swift in Sources */ = {isa = PBXBuildFile; fileRef = DE29FCA524346F230065D2A7 /* AppDelegate.swift */; };
		DE29FCA824346F230065D2A7 /* SceneDelegate.swift in Sources */ = {isa = PBXBuildFile; fileRef = DE29FCA724346F230065D2A7 /* SceneDelegate.swift */; };
		DE29FCAA24346F230065D2A7 /* ViewController.swift in Sources */ = {isa = PBXBuildFile; fileRef = DE29FCA924346F230065D2A7 /* ViewController.swift */; };
		DE29FCAD24346F230065D2A7 /* Main.storyboard in Resources */ = {isa = PBXBuildFile; fileRef = DE29FCAB24346F230065D2A7 /* Main.storyboard */; };
		DE29FCAF24346F270065D2A7 /* Assets.xcassets in Resources */ = {isa = PBXBuildFile; fileRef = DE29FCAE24346F270065D2A7 /* Assets.xcassets */; };
		DE29FCB224346F270065D2A7 /* LaunchScreen.storyboard in Resources */ = {isa = PBXBuildFile; fileRef = DE29FCB024346F270065D2A7 /* LaunchScreen.storyboard */; };
		DE29FCBB243470140065D2A7 /* MapWrapView.swift in Sources */ = {isa = PBXBuildFile; fileRef = DE29FCBA243470140065D2A7 /* MapWrapView.swift */; };
		DE29FCBD243482F60065D2A7 /* SelectAddressViewController.swift in Sources */ = {isa = PBXBuildFile; fileRef = DE29FCBC243482F60065D2A7 /* SelectAddressViewController.swift */; };
		DE29FCC024348C130065D2A7 /* LocationModel.swift in Sources */ = {isa = PBXBuildFile; fileRef = DE29FCBF24348C130065D2A7 /* LocationModel.swift */; };
		DE29FCC3243492520065D2A7 /* MapManager.swift in Sources */ = {isa = PBXBuildFile; fileRef = DE29FCC2243492520065D2A7 /* MapManager.swift */; };
		DE605CA024441399001A340C /* ViewController+NavigationDelegate.swift in Sources */ = {isa = PBXBuildFile; fileRef = DE605C9F24441399001A340C /* ViewController+NavigationDelegate.swift */; };
		DE605CA3244416B2001A340C /* SmoothMapViewProtocol.swift in Sources */ = {isa = PBXBuildFile; fileRef = DE605CA2244416B2001A340C /* SmoothMapViewProtocol.swift */; };
/* End PBXBuildFile section */

/* Begin PBXFileReference section */
		DE29FCA224346F230065D2A7 /* MapViewTransitionDemo.app */ = {isa = PBXFileReference; explicitFileType = wrapper.application; includeInIndex = 0; path = MapViewTransitionDemo.app; sourceTree = BUILT_PRODUCTS_DIR; };
		DE29FCA524346F230065D2A7 /* AppDelegate.swift */ = {isa = PBXFileReference; lastKnownFileType = sourcecode.swift; path = AppDelegate.swift; sourceTree = "<group>"; };
		DE29FCA724346F230065D2A7 /* SceneDelegate.swift */ = {isa = PBXFileReference; lastKnownFileType = sourcecode.swift; path = SceneDelegate.swift; sourceTree = "<group>"; };
		DE29FCA924346F230065D2A7 /* ViewController.swift */ = {isa = PBXFileReference; lastKnownFileType = sourcecode.swift; path = ViewController.swift; sourceTree = "<group>"; };
		DE29FCAC24346F230065D2A7 /* Base */ = {isa = PBXFileReference; lastKnownFileType = file.storyboard; name = Base; path = Base.lproj/Main.storyboard; sourceTree = "<group>"; };
		DE29FCAE24346F270065D2A7 /* Assets.xcassets */ = {isa = PBXFileReference; lastKnownFileType = folder.assetcatalog; path = Assets.xcassets; sourceTree = "<group>"; };
		DE29FCB124346F270065D2A7 /* Base */ = {isa = PBXFileReference; lastKnownFileType = file.storyboard; name = Base; path = Base.lproj/LaunchScreen.storyboard; sourceTree = "<group>"; };
		DE29FCB324346F270065D2A7 /* Info.plist */ = {isa = PBXFileReference; lastKnownFileType = text.plist.xml; path = Info.plist; sourceTree = "<group>"; };
		DE29FCBA243470140065D2A7 /* MapWrapView.swift */ = {isa = PBXFileReference; lastKnownFileType = sourcecode.swift; path = MapWrapView.swift; sourceTree = "<group>"; };
		DE29FCBC243482F60065D2A7 /* SelectAddressViewController.swift */ = {isa = PBXFileReference; lastKnownFileType = sourcecode.swift; path = SelectAddressViewController.swift; sourceTree = "<group>"; };
		DE29FCBF24348C130065D2A7 /* LocationModel.swift */ = {isa = PBXFileReference; lastKnownFileType = sourcecode.swift; path = LocationModel.swift; sourceTree = "<group>"; };
		DE29FCC2243492520065D2A7 /* MapManager.swift */ = {isa = PBXFileReference; lastKnownFileType = sourcecode.swift; path = MapManager.swift; sourceTree = "<group>"; };
		DE605C9F24441399001A340C /* ViewController+NavigationDelegate.swift */ = {isa = PBXFileReference; lastKnownFileType = sourcecode.swift; path = "ViewController+NavigationDelegate.swift"; sourceTree = "<group>"; };
		DE605CA2244416B2001A340C /* SmoothMapViewProtocol.swift */ = {isa = PBXFileReference; lastKnownFileType = sourcecode.swift; path = SmoothMapViewProtocol.swift; sourceTree = "<group>"; };
/* End PBXFileReference section */

/* Begin PBXFrameworksBuildPhase section */
		DE29FC9F24346F230065D2A7 /* Frameworks */ = {
			isa = PBXFrameworksBuildPhase;
			buildActionMask = 2147483647;
			files = (
			);
			runOnlyForDeploymentPostprocessing = 0;
		};
/* End PBXFrameworksBuildPhase section */

/* Begin PBXGroup section */
		DE29FC9924346F230065D2A7 = {
			isa = PBXGroup;
			children = (
				DE29FCA424346F230065D2A7 /* MapViewTransitionDemo */,
				DE29FCA324346F230065D2A7 /* Products */,
			);
			sourceTree = "<group>";
		};
		DE29FCA324346F230065D2A7 /* Products */ = {
			isa = PBXGroup;
			children = (
				DE29FCA224346F230065D2A7 /* MapViewTransitionDemo.app */,
			);
			name = Products;
			sourceTree = "<group>";
		};
		DE29FCA424346F230065D2A7 /* MapViewTransitionDemo */ = {
			isa = PBXGroup;
			children = (
				DE605CA1244415C1001A340C /* ViewControllerTransition */,
				DE29FCC1243492400065D2A7 /* MapManager */,
				DE29FCBE24348BFB0065D2A7 /* LocationModel */,
				DE29FCB924346FEE0065D2A7 /* MapWrapView */,
				DE29FCA524346F230065D2A7 /* AppDelegate.swift */,
				DE29FCA724346F230065D2A7 /* SceneDelegate.swift */,
				DE29FCA924346F230065D2A7 /* ViewController.swift */,
				DE605C9F24441399001A340C /* ViewController+NavigationDelegate.swift */,
				DE29FCBC243482F60065D2A7 /* SelectAddressViewController.swift */,
				DE29FCAB24346F230065D2A7 /* Main.storyboard */,
				DE29FCAE24346F270065D2A7 /* Assets.xcassets */,
				DE29FCB024346F270065D2A7 /* LaunchScreen.storyboard */,
				DE29FCB324346F270065D2A7 /* Info.plist */,
			);
			path = MapViewTransitionDemo;
			sourceTree = "<group>";
		};
		DE29FCB924346FEE0065D2A7 /* MapWrapView */ = {
			isa = PBXGroup;
			children = (
				DE29FCBA243470140065D2A7 /* MapWrapView.swift */,
			);
			path = MapWrapView;
			sourceTree = "<group>";
		};
		DE29FCBE24348BFB0065D2A7 /* LocationModel */ = {
			isa = PBXGroup;
			children = (
				DE29FCBF24348C130065D2A7 /* LocationModel.swift */,
			);
			path = LocationModel;
			sourceTree = "<group>";
		};
		DE29FCC1243492400065D2A7 /* MapManager */ = {
			isa = PBXGroup;
			children = (
				DE29FCC2243492520065D2A7 /* MapManager.swift */,
			);
			path = MapManager;
			sourceTree = "<group>";
		};
		DE605CA1244415C1001A340C /* ViewControllerTransition */ = {
			isa = PBXGroup;
			children = (
				DE605CA2244416B2001A340C /* SmoothMapViewProtocol.swift */,
			);
			path = ViewControllerTransition;
			sourceTree = "<group>";
		};
/* End PBXGroup section */

/* Begin PBXNativeTarget section */
		DE29FCA124346F230065D2A7 /* MapViewTransitionDemo */ = {
			isa = PBXNativeTarget;
			buildConfigurationList = DE29FCB624346F270065D2A7 /* Build configuration list for PBXNativeTarget "MapViewTransitionDemo" */;
			buildPhases = (
				DE29FC9E24346F230065D2A7 /* Sources */,
				DE29FC9F24346F230065D2A7 /* Frameworks */,
				DE29FCA024346F230065D2A7 /* Resources */,
			);
			buildRules = (
			);
			dependencies = (
			);
			name = MapViewTransitionDemo;
			productName = MapViewTransitionDemo;
			productReference = DE29FCA224346F230065D2A7 /* MapViewTransitionDemo.app */;
			productType = "com.apple.product-type.application";
		};
/* End PBXNativeTarget section */

/* Begin PBXProject section */
		DE29FC9A24346F230065D2A7 /* Project object */ = {
			isa = PBXProject;
			attributes = {
				LastSwiftUpdateCheck = 1130;
				LastUpgradeCheck = 1130;
				ORGANIZATIONNAME = Alan;
				TargetAttributes = {
					DE29FCA124346F230065D2A7 = {
						CreatedOnToolsVersion = 11.3.1;
					};
				};
			};
			buildConfigurationList = DE29FC9D24346F230065D2A7 /* Build configuration list for PBXProject "MapViewTransitionDemo" */;
			compatibilityVersion = "Xcode 9.3";
			developmentRegion = en;
			hasScannedForEncodings = 0;
			knownRegions = (
				en,
				Base,
			);
			mainGroup = DE29FC9924346F230065D2A7;
			productRefGroup = DE29FCA324346F230065D2A7 /* Products */;
			projectDirPath = "";
			projectRoot = "";
			targets = (
				DE29FCA124346F230065D2A7 /* MapViewTransitionDemo */,
			);
		};
/* End PBXProject section */

/* Begin PBXResourcesBuildPhase section */
		DE29FCA024346F230065D2A7 /* Resources */ = {
			isa = PBXResourcesBuildPhase;
			buildActionMask = 2147483647;
			files = (
				DE29FCB224346F270065D2A7 /* LaunchScreen.storyboard in Resources */,
				DE29FCAF24346F270065D2A7 /* Assets.xcassets in Resources */,
				DE29FCAD24346F230065D2A7 /* Main.storyboard in Resources */,
			);
			runOnlyForDeploymentPostprocessing = 0;
		};
/* End PBXResourcesBuildPhase section */

/* Begin PBXSourcesBuildPhase section */
		DE29FC9E24346F230065D2A7 /* Sources */ = {
			isa = PBXSourcesBuildPhase;
			buildActionMask = 2147483647;
			files = (
				DE29FCAA24346F230065D2A7 /* ViewController.swift in Sources */,
				DE29FCA624346F230065D2A7 /* AppDelegate.swift in Sources */,
				DE29FCA824346F230065D2A7 /* SceneDelegate.swift in Sources */,
				DE29FCBD243482F60065D2A7 /* SelectAddressViewController.swift in Sources */,
				DE29FCC3243492520065D2A7 /* MapManager.swift in Sources */,
				DE605CA3244416B2001A340C /* SmoothMapViewProtocol.swift in Sources */,
				DE29FCC024348C130065D2A7 /* LocationModel.swift in Sources */,
				DE29FCBB243470140065D2A7 /* MapWrapView.swift in Sources */,
				DE605CA024441399001A340C /* ViewController+NavigationDelegate.swift in Sources */,
			);
			runOnlyForDeploymentPostprocessing = 0;
		};
/* End PBXSourcesBuildPhase section */

/* Begin PBXVariantGroup section */
		DE29FCAB24346F230065D2A7 /* Main.storyboard */ = {
			isa = PBXVariantGroup;
			children = (
				DE29FCAC24346F230065D2A7 /* Base */,
			);
			name = Main.storyboard;
			sourceTree = "<group>";
		};
		DE29FCB024346F270065D2A7 /* LaunchScreen.storyboard */ = {
			isa = PBXVariantGroup;
			children = (
				DE29FCB124346F270065D2A7 /* Base */,
			);
			name = LaunchScreen.storyboard;
			sourceTree = "<group>";
		};
/* End PBXVariantGroup section */

/* Begin XCBuildConfiguration section */
		DE29FCB424346F270065D2A7 /* Debug */ = {
			isa = XCBuildConfiguration;
			buildSettings = {
				ALWAYS_SEARCH_USER_PATHS = NO;
				CLANG_ANALYZER_NONNULL = YES;
				CLANG_ANALYZER_NUMBER_OBJECT_CONVERSION = YES_AGGRESSIVE;
				CLANG_CXX_LANGUAGE_STANDARD = "gnu++14";
				CLANG_CXX_LIBRARY = "libc++";
				CLANG_ENABLE_MODULES = YES;
				CLANG_ENABLE_OBJC_ARC = YES;
				CLANG_ENABLE_OBJC_WEAK = YES;
				CLANG_WARN_BLOCK_CAPTURE_AUTORELEASING = YES;
				CLANG_WARN_BOOL_CONVERSION = YES;
				CLANG_WARN_COMMA = YES;
				CLANG_WARN_CONSTANT_CONVERSION = YES;
				CLANG_WARN_DEPRECATED_OBJC_IMPLEMENTATIONS = YES;
				CLANG_WARN_DIRECT_OBJC_ISA_USAGE = YES_ERROR;
				CLANG_WARN_DOCUMENTATION_COMMENTS = YES;
				CLANG_WARN_EMPTY_BODY = YES;
				CLANG_WARN_ENUM_CONVERSION = YES;
				CLANG_WARN_INFINITE_RECURSION = YES;
				CLANG_WARN_INT_CONVERSION = YES;
				CLANG_WARN_NON_LITERAL_NULL_CONVERSION = YES;
				CLANG_WARN_OBJC_IMPLICIT_RETAIN_SELF = YES;
				CLANG_WARN_OBJC_LITERAL_CONVERSION = YES;
				CLANG_WARN_OBJC_ROOT_CLASS = YES_ERROR;
				CLANG_WARN_RANGE_LOOP_ANALYSIS = YES;
				CLANG_WARN_STRICT_PROTOTYPES = YES;
				CLANG_WARN_SUSPICIOUS_MOVE = YES;
				CLANG_WARN_UNGUARDED_AVAILABILITY = YES_AGGRESSIVE;
				CLANG_WARN_UNREACHABLE_CODE = YES;
				CLANG_WARN__DUPLICATE_METHOD_MATCH = YES;
				COPY_PHASE_STRIP = NO;
				DEBUG_INFORMATION_FORMAT = dwarf;
				ENABLE_STRICT_OBJC_MSGSEND = YES;
				ENABLE_TESTABILITY = YES;
				GCC_C_LANGUAGE_STANDARD = gnu11;
				GCC_DYNAMIC_NO_PIC = NO;
				GCC_NO_COMMON_BLOCKS = YES;
				GCC_OPTIMIZATION_LEVEL = 0;
				GCC_PREPROCESSOR_DEFINITIONS = (
					"DEBUG=1",
					"$(inherited)",
				);
				GCC_WARN_64_TO_32_BIT_CONVERSION = YES;
				GCC_WARN_ABOUT_RETURN_TYPE = YES_ERROR;
				GCC_WARN_UNDECLARED_SELECTOR = YES;
				GCC_WARN_UNINITIALIZED_AUTOS = YES_AGGRESSIVE;
				GCC_WARN_UNUSED_FUNCTION = YES;
				GCC_WARN_UNUSED_VARIABLE = YES;
				IPHONEOS_DEPLOYMENT_TARGET = 13.2;
				MTL_ENABLE_DEBUG_INFO = INCLUDE_SOURCE;
				MTL_FAST_MATH = YES;
				ONLY_ACTIVE_ARCH = YES;
				SDKROOT = iphoneos;
				SWIFT_ACTIVE_COMPILATION_CONDITIONS = DEBUG;
				SWIFT_OPTIMIZATION_LEVEL = "-Onone";
			};
			name = Debug;
		};
		DE29FCB524346F270065D2A7 /* Release */ = {
			isa = XCBuildConfiguration;
			buildSettings = {
				ALWAYS_SEARCH_USER_PATHS = NO;
				CLANG_ANALYZER_NONNULL = YES;
				CLANG_ANALYZER_NUMBER_OBJECT_CONVERSION = YES_AGGRESSIVE;
				CLANG_CXX_LANGUAGE_STANDARD = "gnu++14";
				CLANG_CXX_LIBRARY = "libc++";
				CLANG_ENABLE_MODULES = YES;
				CLANG_ENABLE_OBJC_ARC = YES;
				CLANG_ENABLE_OBJC_WEAK = YES;
				CLANG_WARN_BLOCK_CAPTURE_AUTORELEASING = YES;
				CLANG_WARN_BOOL_CONVERSION = YES;
				CLANG_WARN_COMMA = YES;
				CLANG_WARN_CONSTANT_CONVERSION = YES;
				CLANG_WARN_DEPRECATED_OBJC_IMPLEMENTATIONS = YES;
				CLANG_WARN_DIRECT_OBJC_ISA_USAGE = YES_ERROR;
				CLANG_WARN_DOCUMENTATION_COMMENTS = YES;
				CLANG_WARN_EMPTY_BODY = YES;
				CLANG_WARN_ENUM_CONVERSION = YES;
				CLANG_WARN_INFINITE_RECURSION = YES;
				CLANG_WARN_INT_CONVERSION = YES;
				CLANG_WARN_NON_LITERAL_NULL_CONVERSION = YES;
				CLANG_WARN_OBJC_IMPLICIT_RETAIN_SELF = YES;
				CLANG_WARN_OBJC_LITERAL_CONVERSION = YES;
				CLANG_WARN_OBJC_ROOT_CLASS = YES_ERROR;
				CLANG_WARN_RANGE_LOOP_ANALYSIS = YES;
				CLANG_WARN_STRICT_PROTOTYPES = YES;
				CLANG_WARN_SUSPICIOUS_MOVE = YES;
				CLANG_WARN_UNGUARDED_AVAILABILITY = YES_AGGRESSIVE;
				CLANG_WARN_UNREACHABLE_CODE = YES;
				CLANG_WARN__DUPLICATE_METHOD_MATCH = YES;
				COPY_PHASE_STRIP = NO;
				DEBUG_INFORMATION_FORMAT = "dwarf-with-dsym";
				ENABLE_NS_ASSERTIONS = NO;
				ENABLE_STRICT_OBJC_MSGSEND = YES;
				GCC_C_LANGUAGE_STANDARD = gnu11;
				GCC_NO_COMMON_BLOCKS = YES;
				GCC_WARN_64_TO_32_BIT_CONVERSION = YES;
				GCC_WARN_ABOUT_RETURN_TYPE = YES_ERROR;
				GCC_WARN_UNDECLARED_SELECTOR = YES;
				GCC_WARN_UNINITIALIZED_AUTOS = YES_AGGRESSIVE;
				GCC_WARN_UNUSED_FUNCTION = YES;
				GCC_WARN_UNUSED_VARIABLE = YES;
				IPHONEOS_DEPLOYMENT_TARGET = 13.2;
				MTL_ENABLE_DEBUG_INFO = NO;
				MTL_FAST_MATH = YES;
				SDKROOT = iphoneos;
				SWIFT_COMPILATION_MODE = wholemodule;
				SWIFT_OPTIMIZATION_LEVEL = "-O";
				VALIDATE_PRODUCT = YES;
			};
			name = Release;
		};
		DE29FCB724346F270065D2A7 /* Debug */ = {
			isa = XCBuildConfiguration;
			buildSettings = {
				ASSETCATALOG_COMPILER_APPICON_NAME = AppIcon;
				CODE_SIGN_STYLE = Automatic;
				DEVELOPMENT_TEAM = 6KXCZRHX7N;
				INFOPLIST_FILE = MapViewTransitionDemo/Info.plist;
				IPHONEOS_DEPLOYMENT_TARGET = 13.0;
				LD_RUNPATH_SEARCH_PATHS = (
					"$(inherited)",
					"@executable_path/Frameworks",
				);
				PRODUCT_BUNDLE_IDENTIFIER = com.Alan.MapViewTransitionDemo;
				PRODUCT_NAME = "$(TARGET_NAME)";
				SWIFT_VERSION = 5.0;
				TARGETED_DEVICE_FAMILY = "1,2";
			};
			name = Debug;
		};
		DE29FCB824346F270065D2A7 /* Release */ = {
			isa = XCBuildConfiguration;
			buildSettings = {
				ASSETCATALOG_COMPILER_APPICON_NAME = AppIcon;
				CODE_SIGN_STYLE = Automatic;
				DEVELOPMENT_TEAM = 6KXCZRHX7N;
				INFOPLIST_FILE = MapViewTransitionDemo/Info.plist;
				IPHONEOS_DEPLOYMENT_TARGET = 13.0;
				LD_RUNPATH_SEARCH_PATHS = (
					"$(inherited)",
					"@executable_path/Frameworks",
				);
				PRODUCT_BUNDLE_IDENTIFIER = com.Alan.MapViewTransitionDemo;
				PRODUCT_NAME = "$(TARGET_NAME)";
				SWIFT_VERSION = 5.0;
				TARGETED_DEVICE_FAMILY = "1,2";
			};
			name = Release;
		};
/* End XCBuildConfiguration section */

/* Begin XCConfigurationList section */
		DE29FC9D24346F230065D2A7 /* Build configuration list for PBXProject "MapViewTransitionDemo" */ = {
			isa = XCConfigurationList;
			buildConfigurations = (
				DE29FCB424346F270065D2A7 /* Debug */,
				DE29FCB524346F270065D2A7 /* Release */,
			);
			defaultConfigurationIsVisible = 0;
			defaultConfigurationName = Release;
		};
		DE29FCB624346F270065D2A7 /* Build configuration list for PBXNativeTarget "MapViewTransitionDemo" */ = {
			isa = XCConfigurationList;
			buildConfigurations = (
				DE29FCB724346F270065D2A7 /* Debug */,
				DE29FCB824346F270065D2A7 /* Release */,
			);
			defaultConfigurationIsVisible = 0;
			defaultConfigurationName = Release;
		};
/* End XCConfigurationList section */
	};
	rootObject = DE29FC9A24346F230065D2A7 /* Project object */;
}
